Microsoft Visual Studio Solution File, Format Version 12.00
# Visual Studio Version 17
VisualStudioVersion = 17.5.2.0
MinimumVisualStudioVersion = 10.0.40219.1
Project("{FAE04EC0-301F-11D3-BF4B-00C04F79EFBC}") = "PMT.Tests", "PMT.Tests.csproj", "{2AC9C005-B59E-B4F3-FB7F-2716EE1CF4D0}"
EndProject
Global
	GlobalSection(SolutionConfigurationPlatforms) = preSolution
		Debug|Any CPU = Debug|Any CPU
		Release|Any CPU = Release|Any CPU
	EndGlobalSection
	GlobalSection(ProjectConfigurationPlatforms) = postSolution
		{2AC9C005-B59E-B4F3-FB7F-2716EE1CF4D0}.Debug|Any CPU.ActiveCfg = Debug|Any CPU
		{2AC9C005-B59E-B4F3-FB7F-2716EE1CF4D0}.Debug|Any CPU.Build.0 = Debug|Any CPU
		{2AC9C005-B59E-B4F3-FB7F-2716EE1CF4D0}.Release|Any CPU.ActiveCfg = Release|Any CPU
		{2AC9C005-B59E-B4F3-FB7F-2716EE1CF4D0}.Release|Any CPU.Build.0 = Release|Any CPU
	EndGlobalSection
	GlobalSection(SolutionProperties) = preSolution
		HideSolutionNode = FALSE
	EndGlobalSection
	GlobalSection(ExtensibilityGlobals) = postSolution
		SolutionGuid = {6DFE7FCD-8156-48F6-9796-EA72794B3F14}
	EndGlobalSection
EndGlobal
